{
    "_readme": [
        "This file locks the dependencies of your project to a known state",
        "Read more about it at https://getcomposer.org/doc/01-basic-usage.md#installing-dependencies",
        "This file is @generated automatically"
    ],
    "content-hash": "965b4eb9a571ed43671d0142218b662f",
    "packages": [
        {
            "name": "phpnomad/di",
            "version": "dev-main",
            "source": {
                "type": "git",
                "url": "https://github.com/phpnomad/di.git",
                "reference": "9b979249e23e2e1bac70a2d6475f9738a6e4e22a"
            },
            "dist": {
                "type": "zip",
                "url": "https://api.github.com/repos/phpnomad/di/zipball/9b979249e23e2e1bac70a2d6475f9738a6e4e22a",
                "reference": "9b979249e23e2e1bac70a2d6475f9738a6e4e22a",
                "shasum": ""
            },
            "require-dev": {
                "phpnomad/tests": "^0.1.0",
                "phpnomad/utils": "dev-main"
            },
            "default-branch": true,
            "type": "library",
            "autoload": {
                "psr-4": {
                    "PHPNomad\\Di\\": "lib/"
                }
            },
            "autoload-dev": {
                "psr-4": {
                    "PHPNomad\\Di\\Tests\\": "tests/"
                }
            },
            "scripts": {
                "php-cs-fixer": [
                    "php-cs-fixer fix"
                ]
            },
            "license": [
                "MIT"
            ],
            "authors": [
                {
                    "name": "Alex Standiford",
                    "email": "alex@standiford.us"
                }
            ],
            "homepage": "https://github.com/phpnomad/core",
            "support": {
                "source": "https://github.com/phpnomad/di/tree/main",
                "issues": "https://github.com/phpnomad/di/issues"
            },
            "time": "2024-08-19T03:14:36+00:00"
        },
        {
            "name": "phpnomad/event",
            "version": "dev-main",
            "source": {
                "type": "git",
                "url": "https://github.com/phpnomad/event.git",
                "reference": "0a4532cb251eb2b5c303b6548d4d169d1eb2ebde"
            },
            "dist": {
                "type": "zip",
                "url": "https://api.github.com/repos/phpnomad/event/zipball/0a4532cb251eb2b5c303b6548d4d169d1eb2ebde",
                "reference": "0a4532cb251eb2b5c303b6548d4d169d1eb2ebde",
                "shasum": ""
            },
            "require-dev": {
                "phpnomad/tests": "^0.1.0"
            },
            "default-branch": true,
            "type": "library",
            "autoload": {
                "psr-4": {
                    "PHPNomad\\Events\\": "lib/"
                }
            },
            "autoload-dev": {
                "psr-4": {
                    "PHPNomad\\Events\\Tests\\": "tests/"
                }
            },
            "scripts": {
                "php-cs-fixer": [
                    "php-cs-fixer fix"
                ]
            },
            "license": [
                "MIT"
            ],
            "authors": [
                {
                    "name": "Alex Standiford",
                    "email": "alex@standiford.us"
                }
            ],
            "homepage": "https://github.com/phpnomad/core",
            "support": {
                "source": "https://github.com/phpnomad/event/tree/feature/lifterlms-integration",
                "issues": "https://github.com/phpnomad/event/issues"
            },
            "time": "2024-01-31T15:48:16+00:00"
        },
        {
            "name": "phpnomad/facade",
            "version": "dev-main",
            "source": {
                "type": "git",
                "url": "https://github.com/phpnomad/facade.git",
                "reference": "d8160e8047fa8061caa54da430c5a2f7afd369b4"
            },
            "dist": {
                "type": "zip",
                "url": "https://api.github.com/repos/phpnomad/facade/zipball/d8160e8047fa8061caa54da430c5a2f7afd369b4",
                "reference": "d8160e8047fa8061caa54da430c5a2f7afd369b4",
                "shasum": ""
            },
            "require-dev": {
                "phpnomad/di": "dev-main",
                "phpnomad/logger": "dev-main",
                "phpnomad/tests": "^0.1.0"
            },
            "default-branch": true,
            "type": "library",
            "autoload": {
                "psr-4": {
                    "PHPNomad\\Facade\\": "lib/"
                }
            },
            "autoload-dev": {
                "psr-4": {
                    "PHPNomad\\Facade\\Tests\\": "tests/"
                }
            },
            "scripts": {
                "php-cs-fixer": [
                    "php-cs-fixer fix"
                ]
            },
            "license": [
                "MIT"
            ],
            "authors": [
                {
                    "name": "Alex Standiford",
                    "email": "alex@standiford.us"
                }
            ],
            "homepage": "https://github.com/phpnomad/core",
            "support": {
                "source": "https://github.com/phpnomad/facade/tree/feature/lifterlms-integration",
                "issues": "https://github.com/phpnomad/facade/issues"
            },
            "time": "2023-10-30T10:56:02+00:00"
        },
        {
            "name": "phpnomad/loader",
            "version": "dev-main",
            "source": {
                "type": "git",
                "url": "https://github.com/phpnomad/loader.git",
                "reference": "1c84dfb6798236a276303ebfa117f4cf8c7f726c"
            },
            "dist": {
                "type": "zip",
                "url": "https://api.github.com/repos/phpnomad/loader/zipball/1c84dfb6798236a276303ebfa117f4cf8c7f726c",
                "reference": "1c84dfb6798236a276303ebfa117f4cf8c7f726c",
                "shasum": ""
            },
            "require": {
                "phpnomad/di": "dev-main",
                "phpnomad/facade": "dev-main",
                "phpnomad/mutator": "dev-main",
                "phpnomad/update": "dev-main",
                "phpnomad/utils": "dev-main"
            },
            "require-dev": {
                "phpnomad/tests": "^0.1.0"
            },
            "default-branch": true,
            "type": "library",
            "autoload": {
                "psr-4": {
                    "PHPNomad\\Loader\\": "lib/"
                }
            },
            "autoload-dev": {
                "psr-4": {
                    "PHPNomad\\Loader\\Tests\\": "tests/"
                }
            },
            "scripts": {
                "php-cs-fixer": [
                    "php-cs-fixer fix"
                ]
            },
            "license": [
                "MIT"
            ],
            "authors": [
                {
                    "name": "Alex Standiford",
                    "email": "alex@standiford.us"
                }
            ],
            "homepage": "https://github.com/phpnomad/core",
            "support": {
                "source": "https://github.com/phpnomad/loader/tree/main",
                "issues": "https://github.com/phpnomad/loader/issues"
            },
            "time": "2024-08-19T03:10:04+00:00"
        },
        {
            "name": "phpnomad/mutator",
            "version": "dev-main",
            "source": {
                "type": "git",
                "url": "https://github.com/phpnomad/mutator.git",
                "reference": "ff82b88e53ea1e4bb217a7b16c433729d024dec5"
            },
            "dist": {
                "type": "zip",
                "url": "https://api.github.com/repos/phpnomad/mutator/zipball/ff82b88e53ea1e4bb217a7b16c433729d024dec5",
                "reference": "ff82b88e53ea1e4bb217a7b16c433729d024dec5",
                "shasum": ""
            },
            "require-dev": {
                "phoenix/tests": "^0.1.0"
            },
            "default-branch": true,
            "type": "library",
            "autoload": {
                "psr-4": {
                    "PHPNomad\\Mutator\\": "lib/"
                }
            },
            "autoload-dev": {
                "psr-4": {
                    "PHPNomad\\Mutator\\Tests\\": "tests/"
                }
            },
            "scripts": {
                "php-cs-fixer": [
                    "php-cs-fixer fix"
                ]
            },
            "license": [
                "MIT"
            ],
            "authors": [
                {
                    "name": "Alex Standiford",
                    "email": "alex@standiford.us"
                }
            ],
            "homepage": "https://github.com/phoenix/core",
            "support": {
                "source": "https://github.com/phpnomad/mutator/tree/feature/lifterlms-integration",
                "issues": "https://github.com/phpnomad/mutator/issues"
            },
            "time": "2023-11-18T19:10:00+00:00"
        },
        {
            "name": "phpnomad/update",
            "version": "dev-main",
            "source": {
                "type": "git",
                "url": "https://github.com/phpnomad/update.git",
                "reference": "d6065fc52aec9748042e0355f21289c79c540750"
            },
            "dist": {
                "type": "zip",
                "url": "https://api.github.com/repos/phpnomad/update/zipball/d6065fc52aec9748042e0355f21289c79c540750",
                "reference": "d6065fc52aec9748042e0355f21289c79c540750",
                "shasum": ""
            },
            "require": {
                "phpnomad/event": "dev-main"
            },
            "require-dev": {
                "phpnomad/tests": "^0.1.0"
            },
            "default-branch": true,
            "type": "library",
            "autoload": {
                "psr-4": {
                    "PHPNomad\\Update\\": "lib/"
                }
            },
            "autoload-dev": {
                "psr-4": {
                    "PHPNomad\\Update\\Tests\\": "tests/"
                }
            },
            "scripts": {
                "php-cs-fixer": [
                    "php-cs-fixer fix"
                ]
            },
            "license": [
                "MIT"
            ],
            "authors": [
                {
                    "name": "Alex Standiford",
                    "email": "alex@standiford.us"
                }
            ],
            "homepage": "https://github.com/phpnomad/update",
            "support": {
                "source": "https://github.com/phpnomad/update/tree/main",
                "issues": "https://github.com/phpnomad/update/issues"
            },
            "time": "2024-08-17T00:07:07+00:00"
        },
        {
            "name": "phpnomad/utils",
            "version": "dev-main",
            "source": {
                "type": "git",
                "url": "https://github.com/phpnomad/utils.git",
                "reference": "e52c2d9885cc9c9ee052a5c66f9b77589fba911d"
            },
            "dist": {
                "type": "zip",
                "url": "https://api.github.com/repos/phpnomad/utils/zipball/e52c2d9885cc9c9ee052a5c66f9b77589fba911d",
                "reference": "e52c2d9885cc9c9ee052a5c66f9b77589fba911d",
                "shasum": ""
            },
            "require-dev": {
                "phpnomad/tests": "^0.1.0"
            },
            "default-branch": true,
            "type": "library",
            "autoload": {
                "psr-4": {
                    "PHPNomad\\Utils\\": "lib/"
                }
            },
            "autoload-dev": {
                "psr-4": {
                    "PHPNomad\\Utils\\Tests\\": "tests/"
                }
            },
            "scripts": {
                "php-cs-fixer": [
                    "php-cs-fixer fix"
                ]
            },
            "license": [
                "MIT"
            ],
            "authors": [
                {
                    "name": "Alex Standiford",
                    "email": "alex@standiford.us"
                }
            ],
            "homepage": "https://github.com/phpnomad/core",
            "support": {
                "source": "https://github.com/phpnomad/utils/tree/main",
                "issues": "https://github.com/phpnomad/utils/issues"
            },
            "time": "2024-08-19T01:53:35+00:00"
        },
        {
            "name": "psr/event-dispatcher",
            "version": "1.0.0",
            "source": {
                "type": "git",
                "url": "https://github.com/php-fig/event-dispatcher.git",
                "reference": "dbefd12671e8a14ec7f180cab83036ed26714bb0"
            },
            "dist": {
                "type": "zip",
                "url": "https://api.github.com/repos/php-fig/event-dispatcher/zipball/dbefd12671e8a14ec7f180cab83036ed26714bb0",
                "reference": "dbefd12671e8a14ec7f180cab83036ed26714bb0",
                "shasum": ""
            },
            "require": {
                "php": ">=7.2.0"
            },
            "type": "library",
            "extra": {
                "branch-alias": {
                    "dev-master": "1.0.x-dev"
                }
            },
            "autoload": {
                "psr-4": {
                    "Psr\\EventDispatcher\\": "src/"
                }
            },
            "notification-url": "https://packagist.org/downloads/",
            "license": [
                "MIT"
            ],
            "authors": [
                {
                    "name": "PHP-FIG",
                    "homepage": "http://www.php-fig.org/"
                }
            ],
            "description": "Standard interfaces for event handling.",
            "keywords": [
                "events",
                "psr",
                "psr-14"
            ],
            "support": {
                "issues": "https://github.com/php-fig/event-dispatcher/issues",
                "source": "https://github.com/php-fig/event-dispatcher/tree/1.0.0"
            },
            "time": "2019-01-08T18:20:26+00:00"
        },
        {
            "name": "symfony/event-dispatcher",
            "version": "v7.1.1",
            "source": {
                "type": "git",
                "url": "https://github.com/symfony/event-dispatcher.git",
                "reference": "9fa7f7a21beb22a39a8f3f28618b29e50d7a55a7"
            },
            "dist": {
                "type": "zip",
                "url": "https://api.github.com/repos/symfony/event-dispatcher/zipball/9fa7f7a21beb22a39a8f3f28618b29e50d7a55a7",
                "reference": "9fa7f7a21beb22a39a8f3f28618b29e50d7a55a7",
                "shasum": ""
            },
            "require": {
                "php": ">=8.2",
                "symfony/event-dispatcher-contracts": "^2.5|^3"
            },
            "conflict": {
                "symfony/dependency-injection": "<6.4",
                "symfony/service-contracts": "<2.5"
            },
            "provide": {
                "psr/event-dispatcher-implementation": "1.0",
                "symfony/event-dispatcher-implementation": "2.0|3.0"
            },
            "require-dev": {
                "psr/log": "^1|^2|^3",
                "symfony/config": "^6.4|^7.0",
                "symfony/dependency-injection": "^6.4|^7.0",
                "symfony/error-handler": "^6.4|^7.0",
                "symfony/expression-language": "^6.4|^7.0",
                "symfony/http-foundation": "^6.4|^7.0",
                "symfony/service-contracts": "^2.5|^3",
                "symfony/stopwatch": "^6.4|^7.0"
            },
            "type": "library",
            "autoload": {
                "psr-4": {
                    "Symfony\\Component\\EventDispatcher\\": ""
                },
                "exclude-from-classmap": [
                    "/Tests/"
                ]
            },
            "notification-url": "https://packagist.org/downloads/",
            "license": [
                "MIT"
            ],
            "authors": [
                {
                    "name": "Fabien Potencier",
                    "email": "fabien@symfony.com"
                },
                {
                    "name": "Symfony Community",
                    "homepage": "https://symfony.com/contributors"
                }
            ],
            "description": "Provides tools that allow your application components to communicate with each other by dispatching events and listening to them",
            "homepage": "https://symfony.com",
            "support": {
                "source": "https://github.com/symfony/event-dispatcher/tree/v7.1.1"
            },
            "funding": [
                {
                    "url": "https://symfony.com/sponsor",
                    "type": "custom"
                },
                {
                    "url": "https://github.com/fabpot",
                    "type": "github"
                },
                {
                    "url": "https://tidelift.com/funding/github/packagist/symfony/symfony",
                    "type": "tidelift"
                }
            ],
            "time": "2024-05-31T14:57:53+00:00"
        },
        {
            "name": "symfony/event-dispatcher-contracts",
            "version": "v3.5.0",
            "source": {
                "type": "git",
                "url": "https://github.com/symfony/event-dispatcher-contracts.git",
                "reference": "8f93aec25d41b72493c6ddff14e916177c9efc50"
            },
            "dist": {
                "type": "zip",
                "url": "https://api.github.com/repos/symfony/event-dispatcher-contracts/zipball/8f93aec25d41b72493c6ddff14e916177c9efc50",
                "reference": "8f93aec25d41b72493c6ddff14e916177c9efc50",
                "shasum": ""
            },
            "require": {
                "php": ">=8.1",
                "psr/event-dispatcher": "^1"
            },
            "type": "library",
            "extra": {
                "branch-alias": {
                    "dev-main": "3.5-dev"
                },
                "thanks": {
                    "name": "symfony/contracts",
                    "url": "https://github.com/symfony/contracts"
                }
            },
            "autoload": {
                "psr-4": {
                    "Symfony\\Contracts\\EventDispatcher\\": ""
                }
            },
            "notification-url": "https://packagist.org/downloads/",
            "license": [
                "MIT"
            ],
            "authors": [
                {
                    "name": "Nicolas Grekas",
                    "email": "p@tchwork.com"
                },
                {
                    "name": "Symfony Community",
                    "homepage": "https://symfony.com/contributors"
                }
            ],
            "description": "Generic abstractions related to dispatching event",
            "homepage": "https://symfony.com",
            "keywords": [
                "abstractions",
                "contracts",
                "decoupling",
                "interfaces",
                "interoperability",
                "standards"
            ],
            "support": {
                "source": "https://github.com/symfony/event-dispatcher-contracts/tree/v3.5.0"
            },
            "funding": [
                {
                    "url": "https://symfony.com/sponsor",
                    "type": "custom"
                },
                {
                    "url": "https://github.com/fabpot",
                    "type": "github"
                },
                {
                    "url": "https://tidelift.com/funding/github/packagist/symfony/symfony",
                    "type": "tidelift"
                }
            ],
            "time": "2024-04-18T09:32:20+00:00"
        }
    ],
    "packages-dev": [],
    "aliases": [],
    "minimum-stability": "dev",
    "stability-flags": {
        "phpnomad/event": 20
    },
    "prefer-stable": true,
    "prefer-lowest": false,
    "platform": [],
    "platform-dev": [],
    "plugin-api-version": "2.6.0"
}
