{
    "_readme": [
        "This file locks the dependencies of your project to a known state",
        "Read more about it at https://getcomposer.org/doc/01-basic-usage.md#installing-dependencies",
        "This file is @generated automatically"
    ],
    "content-hash": "66220c70ebfa8f3a185027a70698d611",
    "packages": [
        {
            "name": "phpnomad/di",
            "version": "1.0.0",
            "source": {
                "type": "git",
                "url": "https://github.com/phpnomad/di.git",
                "reference": "e1719564d580062ae5369b364ab1c8fd3acb2e53"
            },
            "dist": {
                "type": "zip",
                "url": "https://api.github.com/repos/phpnomad/di/zipball/e1719564d580062ae5369b364ab1c8fd3acb2e53",
                "reference": "e1719564d580062ae5369b364ab1c8fd3acb2e53",
                "shasum": ""
            },
            "require": {
                "phpnomad/utils": "^1.0"
            },
            "require-dev": {
                "phpnomad/tests": "^0.1.0"
            },
            "type": "library",
            "autoload": {
                "psr-4": {
                    "PHPNomad\\Di\\": "lib/"
                }
            },
            "notification-url": "https://packagist.org/downloads/",
            "license": [
                "MIT"
            ],
            "authors": [
                {
                    "name": "Alex Standiford",
                    "email": "alex@standiford.us"
                }
            ],
            "homepage": "https://github.com/phpnomad/core",
            "support": {
                "issues": "https://github.com/phpnomad/di/issues",
                "source": "https://github.com/phpnomad/di/tree/1.0.0"
            },
            "time": "2024-12-18T17:09:23+00:00"
        },
        {
            "name": "phpnomad/event",
            "version": "1.0.0",
            "source": {
                "type": "git",
                "url": "https://github.com/phpnomad/event.git",
                "reference": "c2f8f4c19bfd017086dbffb0510e20b06d7fa533"
            },
            "dist": {
                "type": "zip",
                "url": "https://api.github.com/repos/phpnomad/event/zipball/c2f8f4c19bfd017086dbffb0510e20b06d7fa533",
                "reference": "c2f8f4c19bfd017086dbffb0510e20b06d7fa533",
                "shasum": ""
            },
            "require-dev": {
                "phpnomad/tests": "^0.1.0"
            },
            "type": "library",
            "autoload": {
                "psr-4": {
                    "PHPNomad\\Events\\": "lib/"
                }
            },
            "notification-url": "https://packagist.org/downloads/",
            "license": [
                "MIT"
            ],
            "authors": [
                {
                    "name": "Alex Standiford",
                    "email": "alex@standiford.us"
                }
            ],
            "homepage": "https://github.com/phpnomad/core",
            "support": {
                "issues": "https://github.com/phpnomad/event/issues",
                "source": "https://github.com/phpnomad/event/tree/1.0.0"
            },
            "time": "2024-12-18T17:10:47+00:00"
        },
        {
            "name": "phpnomad/facade",
            "version": "1.0.0",
            "source": {
                "type": "git",
                "url": "https://github.com/phpnomad/facade.git",
                "reference": "225c9a743d7f57410a78d8923a086bda1b6aa2fa"
            },
            "dist": {
                "type": "zip",
                "url": "https://api.github.com/repos/phpnomad/facade/zipball/225c9a743d7f57410a78d8923a086bda1b6aa2fa",
                "reference": "225c9a743d7f57410a78d8923a086bda1b6aa2fa",
                "shasum": ""
            },
            "require-dev": {
                "phpnomad/di": "^1.0",
                "phpnomad/logger": "^1.0",
                "phpnomad/tests": "^0.1.0"
            },
            "type": "library",
            "autoload": {
                "psr-4": {
                    "PHPNomad\\Facade\\": "lib/"
                }
            },
            "notification-url": "https://packagist.org/downloads/",
            "license": [
                "MIT"
            ],
            "authors": [
                {
                    "name": "Alex Standiford",
                    "email": "alex@standiford.us"
                }
            ],
            "homepage": "https://github.com/phpnomad/core",
            "support": {
                "issues": "https://github.com/phpnomad/facade/issues",
                "source": "https://github.com/phpnomad/facade/tree/1.0.0"
            },
            "time": "2024-12-18T17:11:21+00:00"
        },
        {
            "name": "phpnomad/loader",
            "version": "1.0.0",
            "source": {
                "type": "git",
                "url": "https://github.com/phpnomad/loader.git",
                "reference": "34daf60b0b086588fb3adf84dbd224c7d787682d"
            },
            "dist": {
                "type": "zip",
                "url": "https://api.github.com/repos/phpnomad/loader/zipball/34daf60b0b086588fb3adf84dbd224c7d787682d",
                "reference": "34daf60b0b086588fb3adf84dbd224c7d787682d",
                "shasum": ""
            },
            "require": {
                "phpnomad/di": "^1.0",
                "phpnomad/facade": "^1.0",
                "phpnomad/mutator": "^1.0",
                "phpnomad/update": "^1.0",
                "phpnomad/utils": "^1.0"
            },
            "require-dev": {
                "phpnomad/tests": "^0.1.0"
            },
            "type": "library",
            "autoload": {
                "psr-4": {
                    "PHPNomad\\Loader\\": "lib/"
                }
            },
            "notification-url": "https://packagist.org/downloads/",
            "license": [
                "MIT"
            ],
            "authors": [
                {
                    "name": "Alex Standiford",
                    "email": "alex@standiford.us"
                }
            ],
            "homepage": "https://github.com/phpnomad/core",
            "support": {
                "issues": "https://github.com/phpnomad/loader/issues",
                "source": "https://github.com/phpnomad/loader/tree/1.0.0"
            },
            "time": "2024-12-18T17:16:39+00:00"
        },
        {
            "name": "phpnomad/mutator",
            "version": "1.0.0",
            "source": {
                "type": "git",
                "url": "https://github.com/phpnomad/mutator.git",
                "reference": "04aea2dc50fa71a4e2e0c10efe7b38991d4c3d5f"
            },
            "dist": {
                "type": "zip",
                "url": "https://api.github.com/repos/phpnomad/mutator/zipball/04aea2dc50fa71a4e2e0c10efe7b38991d4c3d5f",
                "reference": "04aea2dc50fa71a4e2e0c10efe7b38991d4c3d5f",
                "shasum": ""
            },
            "require-dev": {
                "phpnomad/tests": "^0.1.0"
            },
            "type": "library",
            "autoload": {
                "psr-4": {
                    "PHPNomad\\Mutator\\": "lib/"
                }
            },
            "notification-url": "https://packagist.org/downloads/",
            "license": [
                "MIT"
            ],
            "authors": [
                {
                    "name": "Alex Standiford",
                    "email": "alex@standiford.us"
                }
            ],
            "homepage": "https://github.com/phoenix/core",
            "support": {
                "issues": "https://github.com/phpnomad/mutator/issues",
                "source": "https://github.com/phpnomad/mutator/tree/1.0.0"
            },
            "time": "2024-12-18T17:18:31+00:00"
        },
        {
            "name": "phpnomad/update",
            "version": "1.0.0",
            "source": {
                "type": "git",
                "url": "https://github.com/phpnomad/update.git",
                "reference": "a64dfef8e6ed874dab36fa9c2613555bf5ae27b6"
            },
            "dist": {
                "type": "zip",
                "url": "https://api.github.com/repos/phpnomad/update/zipball/a64dfef8e6ed874dab36fa9c2613555bf5ae27b6",
                "reference": "a64dfef8e6ed874dab36fa9c2613555bf5ae27b6",
                "shasum": ""
            },
            "require": {
                "phpnomad/event": "^1.0"
            },
            "require-dev": {
                "phpnomad/tests": "^0.1.0"
            },
            "type": "library",
            "autoload": {
                "psr-4": {
                    "PHPNomad\\Update\\": "lib/"
                }
            },
            "notification-url": "https://packagist.org/downloads/",
            "license": [
                "MIT"
            ],
            "authors": [
                {
                    "name": "Alex Standiford",
                    "email": "alex@standiford.us"
                }
            ],
            "homepage": "https://github.com/phpnomad/update",
            "support": {
                "issues": "https://github.com/phpnomad/update/issues",
                "source": "https://github.com/phpnomad/update/tree/1.0.0"
            },
            "time": "2024-12-18T16:24:44+00:00"
        },
        {
            "name": "phpnomad/utils",
            "version": "1.0.0",
            "source": {
                "type": "git",
                "url": "https://github.com/phpnomad/utils.git",
                "reference": "bf47baea7ca6d5245f789fc93396d01f2ae5cc34"
            },
            "dist": {
                "type": "zip",
                "url": "https://api.github.com/repos/phpnomad/utils/zipball/bf47baea7ca6d5245f789fc93396d01f2ae5cc34",
                "reference": "bf47baea7ca6d5245f789fc93396d01f2ae5cc34",
                "shasum": ""
            },
            "require-dev": {
                "phpnomad/tests": "^0.1.0"
            },
            "type": "library",
            "autoload": {
                "psr-4": {
                    "PHPNomad\\Utils\\": "lib/"
                }
            },
            "notification-url": "https://packagist.org/downloads/",
            "license": [
                "MIT"
            ],
            "authors": [
                {
                    "name": "Alex Standiford",
                    "email": "alex@standiford.us"
                }
            ],
            "homepage": "https://github.com/phpnomad/core",
            "support": {
                "issues": "https://github.com/phpnomad/utils/issues",
                "source": "https://github.com/phpnomad/utils/tree/1.0.0"
            },
            "time": "2024-12-18T16:24:57+00:00"
        },
        {
            "name": "psr/event-dispatcher",
            "version": "1.0.0",
            "source": {
                "type": "git",
                "url": "https://github.com/php-fig/event-dispatcher.git",
                "reference": "dbefd12671e8a14ec7f180cab83036ed26714bb0"
            },
            "dist": {
                "type": "zip",
                "url": "https://api.github.com/repos/php-fig/event-dispatcher/zipball/dbefd12671e8a14ec7f180cab83036ed26714bb0",
                "reference": "dbefd12671e8a14ec7f180cab83036ed26714bb0",
                "shasum": ""
            },
            "require": {
                "php": ">=7.2.0"
            },
            "type": "library",
            "extra": {
                "branch-alias": {
                    "dev-master": "1.0.x-dev"
                }
            },
            "autoload": {
                "psr-4": {
                    "Psr\\EventDispatcher\\": "src/"
                }
            },
            "notification-url": "https://packagist.org/downloads/",
            "license": [
                "MIT"
            ],
            "authors": [
                {
                    "name": "PHP-FIG",
                    "homepage": "http://www.php-fig.org/"
                }
            ],
            "description": "Standard interfaces for event handling.",
            "keywords": [
                "events",
                "psr",
                "psr-14"
            ],
            "support": {
                "issues": "https://github.com/php-fig/event-dispatcher/issues",
                "source": "https://github.com/php-fig/event-dispatcher/tree/1.0.0"
            },
            "time": "2019-01-08T18:20:26+00:00"
        },
        {
            "name": "symfony/event-dispatcher",
            "version": "v8.0.0",
            "source": {
                "type": "git",
                "url": "https://github.com/symfony/event-dispatcher.git",
                "reference": "573f95783a2ec6e38752979db139f09fec033f03"
            },
            "dist": {
                "type": "zip",
                "url": "https://api.github.com/repos/symfony/event-dispatcher/zipball/573f95783a2ec6e38752979db139f09fec033f03",
                "reference": "573f95783a2ec6e38752979db139f09fec033f03",
                "shasum": ""
            },
            "require": {
                "php": ">=8.4",
                "symfony/event-dispatcher-contracts": "^2.5|^3"
            },
            "conflict": {
                "symfony/security-http": "<7.4",
                "symfony/service-contracts": "<2.5"
            },
            "provide": {
                "psr/event-dispatcher-implementation": "1.0",
                "symfony/event-dispatcher-implementation": "2.0|3.0"
            },
            "require-dev": {
                "psr/log": "^1|^2|^3",
                "symfony/config": "^7.4|^8.0",
                "symfony/dependency-injection": "^7.4|^8.0",
                "symfony/error-handler": "^7.4|^8.0",
                "symfony/expression-language": "^7.4|^8.0",
                "symfony/framework-bundle": "^7.4|^8.0",
                "symfony/http-foundation": "^7.4|^8.0",
                "symfony/service-contracts": "^2.5|^3",
                "symfony/stopwatch": "^7.4|^8.0"
            },
            "type": "library",
            "autoload": {
                "psr-4": {
                    "Symfony\\Component\\EventDispatcher\\": ""
                },
                "exclude-from-classmap": [
                    "/Tests/"
                ]
            },
            "notification-url": "https://packagist.org/downloads/",
            "license": [
                "MIT"
            ],
            "authors": [
                {
                    "name": "Fabien Potencier",
                    "email": "fabien@symfony.com"
                },
                {
                    "name": "Symfony Community",
                    "homepage": "https://symfony.com/contributors"
                }
            ],
            "description": "Provides tools that allow your application components to communicate with each other by dispatching events and listening to them",
            "homepage": "https://symfony.com",
            "support": {
                "source": "https://github.com/symfony/event-dispatcher/tree/v8.0.0"
            },
            "funding": [
                {
                    "url": "https://symfony.com/sponsor",
                    "type": "custom"
                },
                {
                    "url": "https://github.com/fabpot",
                    "type": "github"
                },
                {
                    "url": "https://github.com/nicolas-grekas",
                    "type": "github"
                },
                {
                    "url": "https://tidelift.com/funding/github/packagist/symfony/symfony",
                    "type": "tidelift"
                }
            ],
            "time": "2025-10-30T14:17:19+00:00"
        },
        {
            "name": "symfony/event-dispatcher-contracts",
            "version": "v3.6.0",
            "source": {
                "type": "git",
                "url": "https://github.com/symfony/event-dispatcher-contracts.git",
                "reference": "59eb412e93815df44f05f342958efa9f46b1e586"
            },
            "dist": {
                "type": "zip",
                "url": "https://api.github.com/repos/symfony/event-dispatcher-contracts/zipball/59eb412e93815df44f05f342958efa9f46b1e586",
                "reference": "59eb412e93815df44f05f342958efa9f46b1e586",
                "shasum": ""
            },
            "require": {
                "php": ">=8.1",
                "psr/event-dispatcher": "^1"
            },
            "type": "library",
            "extra": {
                "thanks": {
                    "url": "https://github.com/symfony/contracts",
                    "name": "symfony/contracts"
                },
                "branch-alias": {
                    "dev-main": "3.6-dev"
                }
            },
            "autoload": {
                "psr-4": {
                    "Symfony\\Contracts\\EventDispatcher\\": ""
                }
            },
            "notification-url": "https://packagist.org/downloads/",
            "license": [
                "MIT"
            ],
            "authors": [
                {
                    "name": "Nicolas Grekas",
                    "email": "p@tchwork.com"
                },
                {
                    "name": "Symfony Community",
                    "homepage": "https://symfony.com/contributors"
                }
            ],
            "description": "Generic abstractions related to dispatching event",
            "homepage": "https://symfony.com",
            "keywords": [
                "abstractions",
                "contracts",
                "decoupling",
                "interfaces",
                "interoperability",
                "standards"
            ],
            "support": {
                "source": "https://github.com/symfony/event-dispatcher-contracts/tree/v3.6.0"
            },
            "funding": [
                {
                    "url": "https://symfony.com/sponsor",
                    "type": "custom"
                },
                {
                    "url": "https://github.com/fabpot",
                    "type": "github"
                },
                {
                    "url": "https://tidelift.com/funding/github/packagist/symfony/symfony",
                    "type": "tidelift"
                }
            ],
            "time": "2024-09-25T14:21:43+00:00"
        }
    ],
    "packages-dev": [],
    "aliases": [],
    "minimum-stability": "dev",
    "stability-flags": {},
    "prefer-stable": true,
    "prefer-lowest": false,
    "platform": {},
    "platform-dev": {},
    "plugin-api-version": "2.6.0"
}
